
Microsoft Visual Studio Solution File, Format Version 12.00
# Visual Studio 15
VisualStudioVersion = 15.0.26403.7
MinimumVisualStudioVersion = 10.0.40219.1
Project("{2150E333-8FDC-42A3-9474-1A3956D46DE8}") = "Samples", "Samples", "{E3B6516D-59FA-4091-B4EF-DFD1D497A6E7}"
EndProject
Project("{FAE04EC0-301F-11D3-BF4B-00C04F79EFBC}") = "Grapute", "Grapute\Grapute.csproj", "{CBAEC1DE-B330-4DE2-9024-8DAFBFD7D39B}"
EndProject
Project("{FAE04EC0-301F-11D3-BF4B-00C04F79EFBC}") = "ImageShufflePipeline", "Samples\ImageShufflePipeline\ImageShufflePipeline.csproj", "{A595D090-FAA9-4EC2-862B-E27EB017D9B7}"
EndProject
Project("{FAE04EC0-301F-11D3-BF4B-00C04F79EFBC}") = "SampleComputatuions", "Samples\SampleComputatuions\SampleComputatuions.csproj", "{066CBA89-77EA-42A1-A1F7-94A2A65B1F4F}"
EndProject
Project("{FAE04EC0-301F-11D3-BF4B-00C04F79EFBC}") = "Grapute.Parallel", "Grapute.Parallel\Grapute.Parallel.csproj", "{E0100E65-7511-40D6-B7A3-E6FD7DDB6092}"
EndProject
Global
	GlobalSection(SolutionConfigurationPlatforms) = preSolution
		Debug|Any CPU = Debug|Any CPU
		Release|Any CPU = Release|Any CPU
	EndGlobalSection
	GlobalSection(ProjectConfigurationPlatforms) = postSolution
		{CBAEC1DE-B330-4DE2-9024-8DAFBFD7D39B}.Debug|Any CPU.ActiveCfg = Debug|Any CPU
		{CBAEC1DE-B330-4DE2-9024-8DAFBFD7D39B}.Debug|Any CPU.Build.0 = Debug|Any CPU
		{CBAEC1DE-B330-4DE2-9024-8DAFBFD7D39B}.Release|Any CPU.ActiveCfg = Release|Any CPU
		{CBAEC1DE-B330-4DE2-9024-8DAFBFD7D39B}.Release|Any CPU.Build.0 = Release|Any CPU
		{A595D090-FAA9-4EC2-862B-E27EB017D9B7}.Debug|Any CPU.ActiveCfg = Debug|Any CPU
		{A595D090-FAA9-4EC2-862B-E27EB017D9B7}.Debug|Any CPU.Build.0 = Debug|Any CPU
		{A595D090-FAA9-4EC2-862B-E27EB017D9B7}.Release|Any CPU.ActiveCfg = Release|Any CPU
		{A595D090-FAA9-4EC2-862B-E27EB017D9B7}.Release|Any CPU.Build.0 = Release|Any CPU
		{066CBA89-77EA-42A1-A1F7-94A2A65B1F4F}.Debug|Any CPU.ActiveCfg = Debug|Any CPU
		{066CBA89-77EA-42A1-A1F7-94A2A65B1F4F}.Debug|Any CPU.Build.0 = Debug|Any CPU
		{066CBA89-77EA-42A1-A1F7-94A2A65B1F4F}.Release|Any CPU.ActiveCfg = Release|Any CPU
		{066CBA89-77EA-42A1-A1F7-94A2A65B1F4F}.Release|Any CPU.Build.0 = Release|Any CPU
		{E0100E65-7511-40D6-B7A3-E6FD7DDB6092}.Debug|Any CPU.ActiveCfg = Debug|Any CPU
		{E0100E65-7511-40D6-B7A3-E6FD7DDB6092}.Debug|Any CPU.Build.0 = Debug|Any CPU
		{E0100E65-7511-40D6-B7A3-E6FD7DDB6092}.Release|Any CPU.ActiveCfg = Release|Any CPU
		{E0100E65-7511-40D6-B7A3-E6FD7DDB6092}.Release|Any CPU.Build.0 = Release|Any CPU
	EndGlobalSection
	GlobalSection(SolutionProperties) = preSolution
		HideSolutionNode = FALSE
	EndGlobalSection
	GlobalSection(NestedProjects) = preSolution
		{A595D090-FAA9-4EC2-862B-E27EB017D9B7} = {E3B6516D-59FA-4091-B4EF-DFD1D497A6E7}
		{066CBA89-77EA-42A1-A1F7-94A2A65B1F4F} = {E3B6516D-59FA-4091-B4EF-DFD1D497A6E7}
	EndGlobalSection
EndGlobal
